// !$*UTF8*$!
{
	archiveVersion = 1;
	classes = {
	};
	objectVersion = 55;
	objects = {

/* Begin PBXBuildFile section */
		DA50A27527E3B1BE00DA351A /* WatchFaces WatchKit App.app in Embed Watch Content */ = {isa = PBXBuildFile; fileRef = DA50A27427E3B1BE00DA351A /* WatchFaces WatchKit App.app */; settings = {ATTRIBUTES = (RemoveHeadersOnCopy, ); }; };
		DA50A27A27E3B1BF00DA351A /* Assets.xcassets in Resources */ = {isa = PBXBuildFile; fileRef = DA50A27927E3B1BF00DA351A /* Assets.xcassets */; };
		DA50A28027E3B1BF00DA351A /* WatchFaces WatchKit Extension.appex in Embed App Extensions */ = {isa = PBXBuildFile; fileRef = DA50A27F27E3B1BF00DA351A /* WatchFaces WatchKit Extension.appex */; settings = {ATTRIBUTES = (RemoveHeadersOnCopy, ); }; };
		DA50A28527E3B1BF00DA351A /* ContentView.swift in Sources */ = {isa = PBXBuildFile; fileRef = DA50A28427E3B1BF00DA351A /* ContentView.swift */; };
		DA50A28727E3B1BF00DA351A /* WatchFacesApp.swift in Sources */ = {isa = PBXBuildFile; fileRef = DA50A28627E3B1BF00DA351A /* WatchFacesApp.swift */; };
		DA50A28927E3B1BF00DA351A /* ComplicationController.swift in Sources */ = {isa = PBXBuildFile; fileRef = DA50A28827E3B1BF00DA351A /* ComplicationController.swift */; };
		DA50A28B27E3B1BF00DA351A /* Assets.xcassets in Resources */ = {isa = PBXBuildFile; fileRef = DA50A28A27E3B1BF00DA351A /* Assets.xcassets */; };
		DA50A28E27E3B1BF00DA351A /* Preview Assets.xcassets in Resources */ = {isa = PBXBuildFile; fileRef = DA50A28D27E3B1BF00DA351A /* Preview Assets.xcassets */; };
		DA50A2A027E3B2A300DA351A /* HealthKit.framework in Frameworks */ = {isa = PBXBuildFile; fileRef = DA50A29F27E3B2A300DA351A /* HealthKit.framework */; };
		DA50A2A327E3B75B00DA351A /* TimerFace.swift in Sources */ = {isa = PBXBuildFile; fileRef = DA50A2A227E3B75B00DA351A /* TimerFace.swift */; };
		DA50A2A527E3B76200DA351A /* HeartRateFace.swift in Sources */ = {isa = PBXBuildFile; fileRef = DA50A2A427E3B76200DA351A /* HeartRateFace.swift */; };
		DA50A2A727E3B76B00DA351A /* LapDataFace.swift in Sources */ = {isa = PBXBuildFile; fileRef = DA50A2A627E3B76B00DA351A /* LapDataFace.swift */; };
		DA50A2A927E3BBD000DA351A /* SplashView.swift in Sources */ = {isa = PBXBuildFile; fileRef = DA50A2A827E3BBD000DA351A /* SplashView.swift */; };
		DA50A2AC27E3BCE800DA351A /* LiveHRManager.swift in Sources */ = {isa = PBXBuildFile; fileRef = DA50A2AB27E3BCE800DA351A /* LiveHRManager.swift */; };
		DA50A2AE27E3BEE400DA351A /* SwimSmartDashboard.swift in Sources */ = {isa = PBXBuildFile; fileRef = DA50A2AD27E3BEE400DA351A /* SwimSmartDashboard.swift */; };
		DA50A2B127E3BF2800DA351A /* Ring.swift in Sources */ = {isa = PBXBuildFile; fileRef = DA50A2B027E3BF2800DA351A /* Ring.swift */; };
		DAA6517627E3D39C00B55481 /* LottieFileManager.swift in Sources */ = {isa = PBXBuildFile; fileRef = DAA6517527E3D39C00B55481 /* LottieFileManager.swift */; };
		DAA6517827E3D41D00B55481 /* SDWebImageLottieCoder in Frameworks */ = {isa = PBXBuildFile; productRef = DAA6517727E3D41D00B55481 /* SDWebImageLottieCoder */; };
		DAA6517A27E3D4C900B55481 /* LottieView.swift in Sources */ = {isa = PBXBuildFile; fileRef = DAA6517927E3D4C900B55481 /* LottieView.swift */; };
		DAA6517C27E3D54100B55481 /* swim.json in Resources */ = {isa = PBXBuildFile; fileRef = DAA6517B27E3D54100B55481 /* swim.json */; };
		DAA6517E27E3DB5C00B55481 /* ColorManager.swift in Sources */ = {isa = PBXBuildFile; fileRef = DAA6517D27E3DB5C00B55481 /* ColorManager.swift */; };
		DAA6518027E3DB7600B55481 /* Colors.xcassets in Resources */ = {isa = PBXBuildFile; fileRef = DAA6517F27E3DB7600B55481 /* Colors.xcassets */; };
		DACA0ED827E8E3E50035B270 /* hand-holding-golden-medal.json in Resources */ = {isa = PBXBuildFile; fileRef = DACA0ED727E8E3E50035B270 /* hand-holding-golden-medal.json */; };
		DACA0EDA27E8E5830035B270 /* robot.json in Resources */ = {isa = PBXBuildFile; fileRef = DACA0ED927E8E5830035B270 /* robot.json */; };
		DACA0EDC27E8E72F0035B270 /* wave-chart.json in Resources */ = {isa = PBXBuildFile; fileRef = DACA0EDB27E8E72F0035B270 /* wave-chart.json */; };
		DACA0EDE27E8E8EF0035B270 /* wave-chart-blue.json in Resources */ = {isa = PBXBuildFile; fileRef = DACA0EDD27E8E8EF0035B270 /* wave-chart-blue.json */; };
		DACA0EE027E8E99E0035B270 /* double-wave-loader.json in Resources */ = {isa = PBXBuildFile; fileRef = DACA0EDF27E8E99E0035B270 /* double-wave-loader.json */; };
		DACA0EE227E8EA400035B270 /* wave-graph.json in Resources */ = {isa = PBXBuildFile; fileRef = DACA0EE127E8EA400035B270 /* wave-graph.json */; };
		DACA0EE427E8EAAC0035B270 /* champion-trophy.json in Resources */ = {isa = PBXBuildFile; fileRef = DACA0EE327E8EAAC0035B270 /* champion-trophy.json */; };
		DACA0EE627E8FB8E0035B270 /* outdoor-meeting.json in Resources */ = {isa = PBXBuildFile; fileRef = DACA0EE527E8FB8E0035B270 /* outdoor-meeting.json */; };
		DAE8166C27E3DFBB002C94E5 /* pool.json in Resources */ = {isa = PBXBuildFile; fileRef = DAE8166827E3DFBB002C94E5 /* pool.json */; };
		DAE8166D27E3DFBB002C94E5 /* breastroke.json in Resources */ = {isa = PBXBuildFile; fileRef = DAE8166927E3DFBB002C94E5 /* breastroke.json */; };
		DAE8166E27E3DFBB002C94E5 /* smart-watch.json in Resources */ = {isa = PBXBuildFile; fileRef = DAE8166A27E3DFBB002C94E5 /* smart-watch.json */; };
		DAE8166F27E3DFBB002C94E5 /* swim-dive.json in Resources */ = {isa = PBXBuildFile; fileRef = DAE8166B27E3DFBB002C94E5 /* swim-dive.json */; };
		DAE8167227E3E06E002C94E5 /* Intro.swift in Sources */ = {isa = PBXBuildFile; fileRef = DAE8167127E3E06E002C94E5 /* Intro.swift */; };
		DAE8167427E3E28F002C94E5 /* Step1.swift in Sources */ = {isa = PBXBuildFile; fileRef = DAE8167327E3E28F002C94E5 /* Step1.swift */; };
		DAE8167627E3E2C4002C94E5 /* Step2.swift in Sources */ = {isa = PBXBuildFile; fileRef = DAE8167527E3E2C4002C94E5 /* Step2.swift */; };
		DAE8167827E3E2C9002C94E5 /* Step3.swift in Sources */ = {isa = PBXBuildFile; fileRef = DAE8167727E3E2C9002C94E5 /* Step3.swift */; };
		DAE8167A27E3E2ED002C94E5 /* MainMinuteTestView.swift in Sources */ = {isa = PBXBuildFile; fileRef = DAE8167927E3E2ED002C94E5 /* MainMinuteTestView.swift */; };
		DAE8167E27E3F3FC002C94E5 /* health-care.json in Resources */ = {isa = PBXBuildFile; fileRef = DAE8167D27E3F3FC002C94E5 /* health-care.json */; };
/* End PBXBuildFile section */

/* Begin PBXContainerItemProxy section */
		DA50A27627E3B1BE00DA351A /* PBXContainerItemProxy */ = {
			isa = PBXContainerItemProxy;
			containerPortal = DA50A26A27E3B1BE00DA351A /* Project object */;
			proxyType = 1;
			remoteGlobalIDString = DA50A27327E3B1BE00DA351A;
			remoteInfo = "WatchFaces WatchKit App";
		};
		DA50A28127E3B1BF00DA351A /* PBXContainerItemProxy */ = {
			isa = PBXContainerItemProxy;
			containerPortal = DA50A26A27E3B1BE00DA351A /* Project object */;
			proxyType = 1;
			remoteGlobalIDString = DA50A27E27E3B1BF00DA351A;
			remoteInfo = "WatchFaces WatchKit Extension";
		};
/* End PBXContainerItemProxy section */

/* Begin PBXCopyFilesBuildPhase section */
		DA50A29527E3B1BF00DA351A /* Embed App Extensions */ = {
			isa = PBXCopyFilesBuildPhase;
			buildActionMask = 2147483647;
			dstPath = "";
			dstSubfolderSpec = 13;
			files = (
				DA50A28027E3B1BF00DA351A /* WatchFaces WatchKit Extension.appex in Embed App Extensions */,
			);
			name = "Embed App Extensions";
			runOnlyForDeploymentPostprocessing = 0;
		};
		DA50A29927E3B1BF00DA351A /* Embed Watch Content */ = {
			isa = PBXCopyFilesBuildPhase;
			buildActionMask = 2147483647;
			dstPath = "$(CONTENTS_FOLDER_PATH)/Watch";
			dstSubfolderSpec = 16;
			files = (
				DA50A27527E3B1BE00DA351A /* WatchFaces WatchKit App.app in Embed Watch Content */,
			);
			name = "Embed Watch Content";
			runOnlyForDeploymentPostprocessing = 0;
		};
/* End PBXCopyFilesBuildPhase section */

/* Begin PBXFileReference section */
		DA50A27027E3B1BE00DA351A /* WatchFaces.app */ = {isa = PBXFileReference; explicitFileType = wrapper.application; includeInIndex = 0; path = WatchFaces.app; sourceTree = BUILT_PRODUCTS_DIR; };
		DA50A27427E3B1BE00DA351A /* WatchFaces WatchKit App.app */ = {isa = PBXFileReference; explicitFileType = wrapper.application; includeInIndex = 0; path = "WatchFaces WatchKit App.app"; sourceTree = BUILT_PRODUCTS_DIR; };
		DA50A27927E3B1BF00DA351A /* Assets.xcassets */ = {isa = PBXFileReference; lastKnownFileType = folder.assetcatalog; path = Assets.xcassets; sourceTree = "<group>"; };
		DA50A27F27E3B1BF00DA351A /* WatchFaces WatchKit Extension.appex */ = {isa = PBXFileReference; explicitFileType = "wrapper.app-extension"; includeInIndex = 0; path = "WatchFaces WatchKit Extension.appex"; sourceTree = BUILT_PRODUCTS_DIR; };
		DA50A28427E3B1BF00DA351A /* ContentView.swift */ = {isa = PBXFileReference; lastKnownFileType = sourcecode.swift; path = ContentView.swift; sourceTree = "<group>"; };
		DA50A28627E3B1BF00DA351A /* WatchFacesApp.swift */ = {isa = PBXFileReference; lastKnownFileType = sourcecode.swift; path = WatchFacesApp.swift; sourceTree = "<group>"; };
		DA50A28827E3B1BF00DA351A /* ComplicationController.swift */ = {isa = PBXFileReference; lastKnownFileType = sourcecode.swift; path = ComplicationController.swift; sourceTree = "<group>"; };
		DA50A28A27E3B1BF00DA351A /* Assets.xcassets */ = {isa = PBXFileReference; lastKnownFileType = folder.assetcatalog; path = Assets.xcassets; sourceTree = "<group>"; };
		DA50A28D27E3B1BF00DA351A /* Preview Assets.xcassets */ = {isa = PBXFileReference; lastKnownFileType = folder.assetcatalog; path = "Preview Assets.xcassets"; sourceTree = "<group>"; };
		DA50A28F27E3B1BF00DA351A /* Info.plist */ = {isa = PBXFileReference; lastKnownFileType = text.plist.xml; path = Info.plist; sourceTree = "<group>"; };
		DA50A29D27E3B2A300DA351A /* WatchFaces WatchKit Extension.entitlements */ = {isa = PBXFileReference; lastKnownFileType = text.plist.entitlements; path = "WatchFaces WatchKit Extension.entitlements"; sourceTree = "<group>"; };
		DA50A29F27E3B2A300DA351A /* HealthKit.framework */ = {isa = PBXFileReference; lastKnownFileType = wrapper.framework; name = HealthKit.framework; path = Platforms/WatchOS.platform/Developer/SDKs/WatchOS8.5.sdk/System/Library/Frameworks/HealthKit.framework; sourceTree = DEVELOPER_DIR; };
		DA50A2A227E3B75B00DA351A /* TimerFace.swift */ = {isa = PBXFileReference; lastKnownFileType = sourcecode.swift; path = TimerFace.swift; sourceTree = "<group>"; };
		DA50A2A427E3B76200DA351A /* HeartRateFace.swift */ = {isa = PBXFileReference; lastKnownFileType = sourcecode.swift; path = HeartRateFace.swift; sourceTree = "<group>"; };
		DA50A2A627E3B76B00DA351A /* LapDataFace.swift */ = {isa = PBXFileReference; lastKnownFileType = sourcecode.swift; path = LapDataFace.swift; sourceTree = "<group>"; };
		DA50A2A827E3BBD000DA351A /* SplashView.swift */ = {isa = PBXFileReference; lastKnownFileType = sourcecode.swift; path = SplashView.swift; sourceTree = "<group>"; };
		DA50A2AB27E3BCE800DA351A /* LiveHRManager.swift */ = {isa = PBXFileReference; lastKnownFileType = sourcecode.swift; path = LiveHRManager.swift; sourceTree = "<group>"; };
		DA50A2AD27E3BEE400DA351A /* SwimSmartDashboard.swift */ = {isa = PBXFileReference; lastKnownFileType = sourcecode.swift; path = SwimSmartDashboard.swift; sourceTree = "<group>"; };
		DA50A2B027E3BF2800DA351A /* Ring.swift */ = {isa = PBXFileReference; lastKnownFileType = sourcecode.swift; path = Ring.swift; sourceTree = "<group>"; };
		DAA6517527E3D39C00B55481 /* LottieFileManager.swift */ = {isa = PBXFileReference; lastKnownFileType = sourcecode.swift; path = LottieFileManager.swift; sourceTree = "<group>"; };
		DAA6517927E3D4C900B55481 /* LottieView.swift */ = {isa = PBXFileReference; lastKnownFileType = sourcecode.swift; path = LottieView.swift; sourceTree = "<group>"; };
		DAA6517B27E3D54100B55481 /* swim.json */ = {isa = PBXFileReference; fileEncoding = 4; lastKnownFileType = text.json; path = swim.json; sourceTree = "<group>"; };
		DAA6517D27E3DB5C00B55481 /* ColorManager.swift */ = {isa = PBXFileReference; lastKnownFileType = sourcecode.swift; path = ColorManager.swift; sourceTree = "<group>"; };
		DAA6517F27E3DB7600B55481 /* Colors.xcassets */ = {isa = PBXFileReference; lastKnownFileType = folder.assetcatalog; path = Colors.xcassets; sourceTree = "<group>"; };
		DACA0ED727E8E3E50035B270 /* hand-holding-golden-medal.json */ = {isa = PBXFileReference; fileEncoding = 4; lastKnownFileType = text.json; path = "hand-holding-golden-medal.json"; sourceTree = "<group>"; };
		DACA0ED927E8E5830035B270 /* robot.json */ = {isa = PBXFileReference; fileEncoding = 4; lastKnownFileType = text.json; path = robot.json; sourceTree = "<group>"; };
		DACA0EDB27E8E72F0035B270 /* wave-chart.json */ = {isa = PBXFileReference; fileEncoding = 4; lastKnownFileType = text.json; path = "wave-chart.json"; sourceTree = "<group>"; };
		DACA0EDD27E8E8EF0035B270 /* wave-chart-blue.json */ = {isa = PBXFileReference; fileEncoding = 4; lastKnownFileType = text.json; path = "wave-chart-blue.json"; sourceTree = "<group>"; };
		DACA0EDF27E8E99E0035B270 /* double-wave-loader.json */ = {isa = PBXFileReference; fileEncoding = 4; lastKnownFileType = text.json; path = "double-wave-loader.json"; sourceTree = "<group>"; };
		DACA0EE127E8EA400035B270 /* wave-graph.json */ = {isa = PBXFileReference; fileEncoding = 4; lastKnownFileType = text.json; path = "wave-graph.json"; sourceTree = "<group>"; };
		DACA0EE327E8EAAC0035B270 /* champion-trophy.json */ = {isa = PBXFileReference; fileEncoding = 4; lastKnownFileType = text.json; path = "champion-trophy.json"; sourceTree = "<group>"; };
		DACA0EE527E8FB8E0035B270 /* outdoor-meeting.json */ = {isa = PBXFileReference; fileEncoding = 4; lastKnownFileType = text.json; path = "outdoor-meeting.json"; sourceTree = "<group>"; };
		DAE8166827E3DFBB002C94E5 /* pool.json */ = {isa = PBXFileReference; fileEncoding = 4; lastKnownFileType = text.json; path = pool.json; sourceTree = "<group>"; };
		DAE8166927E3DFBB002C94E5 /* breastroke.json */ = {isa = PBXFileReference; fileEncoding = 4; lastKnownFileType = text.json; path = breastroke.json; sourceTree = "<group>"; };
		DAE8166A27E3DFBB002C94E5 /* smart-watch.json */ = {isa = PBXFileReference; fileEncoding = 4; lastKnownFileType = text.json; path = "smart-watch.json"; sourceTree = "<group>"; };
		DAE8166B27E3DFBB002C94E5 /* swim-dive.json */ = {isa = PBXFileReference; fileEncoding = 4; lastKnownFileType = text.json; path = "swim-dive.json"; sourceTree = "<group>"; };
		DAE8167127E3E06E002C94E5 /* Intro.swift */ = {isa = PBXFileReference; lastKnownFileType = sourcecode.swift; path = Intro.swift; sourceTree = "<group>"; };
		DAE8167327E3E28F002C94E5 /* Step1.swift */ = {isa = PBXFileReference; lastKnownFileType = sourcecode.swift; path = Step1.swift; sourceTree = "<group>"; };
		DAE8167527E3E2C4002C94E5 /* Step2.swift */ = {isa = PBXFileReference; lastKnownFileType = sourcecode.swift; path = Step2.swift; sourceTree = "<group>"; };
		DAE8167727E3E2C9002C94E5 /* Step3.swift */ = {isa = PBXFileReference; lastKnownFileType = sourcecode.swift; path = Step3.swift; sourceTree = "<group>"; };
		DAE8167927E3E2ED002C94E5 /* MainMinuteTestView.swift */ = {isa = PBXFileReference; lastKnownFileType = sourcecode.swift; path = MainMinuteTestView.swift; sourceTree = "<group>"; };
		DAE8167D27E3F3FC002C94E5 /* health-care.json */ = {isa = PBXFileReference; fileEncoding = 4; lastKnownFileType = text.json; path = "health-care.json"; sourceTree = "<group>"; };
/* End PBXFileReference section */

/* Begin PBXFrameworksBuildPhase section */
		DA50A27C27E3B1BF00DA351A /* Frameworks */ = {
			isa = PBXFrameworksBuildPhase;
			buildActionMask = 2147483647;
			files = (
				DA50A2A027E3B2A300DA351A /* HealthKit.framework in Frameworks */,
				DAA6517827E3D41D00B55481 /* SDWebImageLottieCoder in Frameworks */,
			);
			runOnlyForDeploymentPostprocessing = 0;
		};
/* End PBXFrameworksBuildPhase section */

/* Begin PBXGroup section */
		DA50A26927E3B1BE00DA351A = {
			isa = PBXGroup;
			children = (
				DA50A27827E3B1BE00DA351A /* WatchFaces WatchKit App */,
				DA50A28327E3B1BF00DA351A /* WatchFaces WatchKit Extension */,
				DA50A27127E3B1BE00DA351A /* Products */,
				DA50A29E27E3B2A300DA351A /* Frameworks */,
			);
			sourceTree = "<group>";
		};
		DA50A27127E3B1BE00DA351A /* Products */ = {
			isa = PBXGroup;
			children = (
				DA50A27027E3B1BE00DA351A /* WatchFaces.app */,
				DA50A27427E3B1BE00DA351A /* WatchFaces WatchKit App.app */,
				DA50A27F27E3B1BF00DA351A /* WatchFaces WatchKit Extension.appex */,
			);
			name = Products;
			sourceTree = "<group>";
		};
		DA50A27827E3B1BE00DA351A /* WatchFaces WatchKit App */ = {
			isa = PBXGroup;
			children = (
				DA50A27927E3B1BF00DA351A /* Assets.xcassets */,
			);
			path = "WatchFaces WatchKit App";
			sourceTree = "<group>";
		};
		DA50A28327E3B1BF00DA351A /* WatchFaces WatchKit Extension */ = {
			isa = PBXGroup;
			children = (
				DA50A29D27E3B2A300DA351A /* WatchFaces WatchKit Extension.entitlements */,
				DA50A28427E3B1BF00DA351A /* ContentView.swift */,
				DA50A2AF27E3BF1C00DA351A /* Components */,
				DA50A2AA27E3BCD500DA351A /* Managers */,
				DA50A2A127E3B74900DA351A /* Watch Faces */,
				DA50A28627E3B1BF00DA351A /* WatchFacesApp.swift */,
				DA50A28827E3B1BF00DA351A /* ComplicationController.swift */,
				DAE8166727E3DF3E002C94E5 /* LottieFiles */,
				DAA6517F27E3DB7600B55481 /* Colors.xcassets */,
				DA50A28A27E3B1BF00DA351A /* Assets.xcassets */,
				DA50A28F27E3B1BF00DA351A /* Info.plist */,
				DA50A28C27E3B1BF00DA351A /* Preview Content */,
			);
			path = "WatchFaces WatchKit Extension";
			sourceTree = "<group>";
		};
		DA50A28C27E3B1BF00DA351A /* Preview Content */ = {
			isa = PBXGroup;
			children = (
				DA50A28D27E3B1BF00DA351A /* Preview Assets.xcassets */,
			);
			path = "Preview Content";
			sourceTree = "<group>";
		};
		DA50A29E27E3B2A300DA351A /* Frameworks */ = {
			isa = PBXGroup;
			children = (
				DA50A29F27E3B2A300DA351A /* HealthKit.framework */,
			);
			name = Frameworks;
			sourceTree = "<group>";
		};
		DA50A2A127E3B74900DA351A /* Watch Faces */ = {
			isa = PBXGroup;
			children = (
				DA50A2AD27E3BEE400DA351A /* SwimSmartDashboard.swift */,
				DAE8167027E3E047002C94E5 /* 3 minute test */,
				DA50A2A227E3B75B00DA351A /* TimerFace.swift */,
				DA50A2A827E3BBD000DA351A /* SplashView.swift */,
				DA50A2A427E3B76200DA351A /* HeartRateFace.swift */,
				DA50A2A627E3B76B00DA351A /* LapDataFace.swift */,
				DAA6517927E3D4C900B55481 /* LottieView.swift */,
			);
			path = "Watch Faces";
			sourceTree = "<group>";
		};
		DA50A2AA27E3BCD500DA351A /* Managers */ = {
			isa = PBXGroup;
			children = (
				DA50A2AB27E3BCE800DA351A /* LiveHRManager.swift */,
				DAA6517527E3D39C00B55481 /* LottieFileManager.swift */,
				DAA6517D27E3DB5C00B55481 /* ColorManager.swift */,
			);
			path = Managers;
			sourceTree = "<group>";
		};
		DA50A2AF27E3BF1C00DA351A /* Components */ = {
			isa = PBXGroup;
			children = (
				DA50A2B027E3BF2800DA351A /* Ring.swift */,
			);
			path = Components;
			sourceTree = "<group>";
		};
		DAE8166727E3DF3E002C94E5 /* LottieFiles */ = {
			isa = PBXGroup;
			children = (
				DACA0EE527E8FB8E0035B270 /* outdoor-meeting.json */,
				DACA0EE327E8EAAC0035B270 /* champion-trophy.json */,
				DACA0ED727E8E3E50035B270 /* hand-holding-golden-medal.json */,
				DAE8167D27E3F3FC002C94E5 /* health-care.json */,
				DAE8166927E3DFBB002C94E5 /* breastroke.json */,
				DAE8166827E3DFBB002C94E5 /* pool.json */,
				DACA0EE127E8EA400035B270 /* wave-graph.json */,
				DACA0EDD27E8E8EF0035B270 /* wave-chart-blue.json */,
				DACA0EDB27E8E72F0035B270 /* wave-chart.json */,
				DACA0EDF27E8E99E0035B270 /* double-wave-loader.json */,
				DACA0ED927E8E5830035B270 /* robot.json */,
				DAE8166A27E3DFBB002C94E5 /* smart-watch.json */,
				DAE8166B27E3DFBB002C94E5 /* swim-dive.json */,
				DAA6517B27E3D54100B55481 /* swim.json */,
			);
			path = LottieFiles;
			sourceTree = "<group>";
		};
		DAE8167027E3E047002C94E5 /* 3 minute test */ = {
			isa = PBXGroup;
			children = (
				DAE8167127E3E06E002C94E5 /* Intro.swift */,
				DAE8167327E3E28F002C94E5 /* Step1.swift */,
				DAE8167527E3E2C4002C94E5 /* Step2.swift */,
				DAE8167727E3E2C9002C94E5 /* Step3.swift */,
				DAE8167927E3E2ED002C94E5 /* MainMinuteTestView.swift */,
			);
			path = "3 minute test";
			sourceTree = "<group>";
		};
/* End PBXGroup section */

/* Begin PBXNativeTarget section */
		DA50A26F27E3B1BE00DA351A /* WatchFaces */ = {
			isa = PBXNativeTarget;
			buildConfigurationList = DA50A29A27E3B1BF00DA351A /* Build configuration list for PBXNativeTarget "WatchFaces" */;
			buildPhases = (
				DA50A26E27E3B1BE00DA351A /* Resources */,
				DA50A29927E3B1BF00DA351A /* Embed Watch Content */,
			);
			buildRules = (
			);
			dependencies = (
				DA50A27727E3B1BE00DA351A /* PBXTargetDependency */,
			);
			name = WatchFaces;
			packageProductDependencies = (
				DAA6517427E3D31D00B55481 /* SDWebImageLottieCoder */,
			);
			productName = WatchFaces;
			productReference = DA50A27027E3B1BE00DA351A /* WatchFaces.app */;
			productType = "com.apple.product-type.application.watchapp2-container";
		};
		DA50A27327E3B1BE00DA351A /* WatchFaces WatchKit App */ = {
			isa = PBXNativeTarget;
			buildConfigurationList = DA50A29627E3B1BF00DA351A /* Build configuration list for PBXNativeTarget "WatchFaces WatchKit App" */;
			buildPhases = (
				DA50A27227E3B1BE00DA351A /* Resources */,
				DA50A29527E3B1BF00DA351A /* Embed App Extensions */,
			);
			buildRules = (
			);
			dependencies = (
				DA50A28227E3B1BF00DA351A /* PBXTargetDependency */,
			);
			name = "WatchFaces WatchKit App";
			productName = "WatchFaces WatchKit App";
			productReference = DA50A27427E3B1BE00DA351A /* WatchFaces WatchKit App.app */;
			productType = "com.apple.product-type.application.watchapp2";
		};
		DA50A27E27E3B1BF00DA351A /* WatchFaces WatchKit Extension */ = {
			isa = PBXNativeTarget;
			buildConfigurationList = DA50A29227E3B1BF00DA351A /* Build configuration list for PBXNativeTarget "WatchFaces WatchKit Extension" */;
			buildPhases = (
				DA50A27B27E3B1BF00DA351A /* Sources */,
				DA50A27C27E3B1BF00DA351A /* Frameworks */,
				DA50A27D27E3B1BF00DA351A /* Resources */,
			);
			buildRules = (
			);
			dependencies = (
			);
			name = "WatchFaces WatchKit Extension";
			packageProductDependencies = (
				DAA6517727E3D41D00B55481 /* SDWebImageLottieCoder */,
			);
			productName = "WatchFaces WatchKit Extension";
			productReference = DA50A27F27E3B1BF00DA351A /* WatchFaces WatchKit Extension.appex */;
			productType = "com.apple.product-type.watchkit2-extension";
		};
/* End PBXNativeTarget section */

/* Begin PBXProject section */
		DA50A26A27E3B1BE00DA351A /* Project object */ = {
			isa = PBXProject;
			attributes = {
				BuildIndependentTargetsInParallel = 1;
				LastSwiftUpdateCheck = 1330;
				LastUpgradeCheck = 1330;
				TargetAttributes = {
					DA50A26F27E3B1BE00DA351A = {
						CreatedOnToolsVersion = 13.3;
					};
					DA50A27327E3B1BE00DA351A = {
						CreatedOnToolsVersion = 13.3;
					};
					DA50A27E27E3B1BF00DA351A = {
						CreatedOnToolsVersion = 13.3;
					};
				};
			};
			buildConfigurationList = DA50A26D27E3B1BE00DA351A /* Build configuration list for PBXProject "WatchFaces" */;
			compatibilityVersion = "Xcode 13.0";
			developmentRegion = en;
			hasScannedForEncodings = 0;
			knownRegions = (
				en,
				Base,
			);
			mainGroup = DA50A26927E3B1BE00DA351A;
			packageReferences = (
				DAA6517327E3D31D00B55481 /* XCRemoteSwiftPackageReference "SDWebImageLottieCoder" */,
			);
			productRefGroup = DA50A27127E3B1BE00DA351A /* Products */;
			projectDirPath = "";
			projectRoot = "";
			targets = (
				DA50A26F27E3B1BE00DA351A /* WatchFaces */,
				DA50A27327E3B1BE00DA351A /* WatchFaces WatchKit App */,
				DA50A27E27E3B1BF00DA351A /* WatchFaces WatchKit Extension */,
			);
		};
/* End PBXProject section */

/* Begin PBXResourcesBuildPhase section */
		DA50A26E27E3B1BE00DA351A /* Resources */ = {
			isa = PBXResourcesBuildPhase;
			buildActionMask = 2147483647;
			files = (
			);
			runOnlyForDeploymentPostprocessing = 0;
		};
		DA50A27227E3B1BE00DA351A /* Resources */ = {
			isa = PBXResourcesBuildPhase;
			buildActionMask = 2147483647;
			files = (
				DA50A27A27E3B1BF00DA351A /* Assets.xcassets in Resources */,
			);
			runOnlyForDeploymentPostprocessing = 0;
		};
		DA50A27D27E3B1BF00DA351A /* Resources */ = {
			isa = PBXResourcesBuildPhase;
			buildActionMask = 2147483647;
			files = (
				DAE8166C27E3DFBB002C94E5 /* pool.json in Resources */,
				DA50A28E27E3B1BF00DA351A /* Preview Assets.xcassets in Resources */,
				DAA6518027E3DB7600B55481 /* Colors.xcassets in Resources */,
				DAE8167E27E3F3FC002C94E5 /* health-care.json in Resources */,
				DAE8166F27E3DFBB002C94E5 /* swim-dive.json in Resources */,
				DAE8166D27E3DFBB002C94E5 /* breastroke.json in Resources */,
				DACA0EDE27E8E8EF0035B270 /* wave-chart-blue.json in Resources */,
				DAA6517C27E3D54100B55481 /* swim.json in Resources */,
				DACA0EDA27E8E5830035B270 /* robot.json in Resources */,
				DACA0EE227E8EA400035B270 /* wave-graph.json in Resources */,
				DAE8166E27E3DFBB002C94E5 /* smart-watch.json in Resources */,
				DACA0EDC27E8E72F0035B270 /* wave-chart.json in Resources */,
				DACA0EE627E8FB8E0035B270 /* outdoor-meeting.json in Resources */,
				DA50A28B27E3B1BF00DA351A /* Assets.xcassets in Resources */,
				DACA0EE027E8E99E0035B270 /* double-wave-loader.json in Resources */,
				DACA0EE427E8EAAC0035B270 /* champion-trophy.json in Resources */,
				DACA0ED827E8E3E50035B270 /* hand-holding-golden-medal.json in Resources */,
			);
			runOnlyForDeploymentPostprocessing = 0;
		};
/* End PBXResourcesBuildPhase section */

/* Begin PBXSourcesBuildPhase section */
		DA50A27B27E3B1BF00DA351A /* Sources */ = {
			isa = PBXSourcesBuildPhase;
			buildActionMask = 2147483647;
			files = (
				DA50A2A527E3B76200DA351A /* HeartRateFace.swift in Sources */,
				DAE8167A27E3E2ED002C94E5 /* MainMinuteTestView.swift in Sources */,
				DA50A2AE27E3BEE400DA351A /* SwimSmartDashboard.swift in Sources */,
				DAE8167427E3E28F002C94E5 /* Step1.swift in Sources */,
				DAE8167827E3E2C9002C94E5 /* Step3.swift in Sources */,
				DA50A28727E3B1BF00DA351A /* WatchFacesApp.swift in Sources */,
				DAE8167627E3E2C4002C94E5 /* Step2.swift in Sources */,
				DA50A2A727E3B76B00DA351A /* LapDataFace.swift in Sources */,
				DA50A2AC27E3BCE800DA351A /* LiveHRManager.swift in Sources */,
				DA50A28527E3B1BF00DA351A /* ContentView.swift in Sources */,
				DA50A2A327E3B75B00DA351A /* TimerFace.swift in Sources */,
				DAE8167227E3E06E002C94E5 /* Intro.swift in Sources */,
				DAA6517E27E3DB5C00B55481 /* ColorManager.swift in Sources */,
				DA50A2B127E3BF2800DA351A /* Ring.swift in Sources */,
				DAA6517627E3D39C00B55481 /* LottieFileManager.swift in Sources */,
				DA50A28927E3B1BF00DA351A /* ComplicationController.swift in Sources */,
				DA50A2A927E3BBD000DA351A /* SplashView.swift in Sources */,
				DAA6517A27E3D4C900B55481 /* LottieView.swift in Sources */,
			);
			runOnlyForDeploymentPostprocessing = 0;
		};
/* End PBXSourcesBuildPhase section */

/* Begin PBXTargetDependency section */
		DA50A27727E3B1BE00DA351A /* PBXTargetDependency */ = {
			isa = PBXTargetDependency;
			target = DA50A27327E3B1BE00DA351A /* WatchFaces WatchKit App */;
			targetProxy = DA50A27627E3B1BE00DA351A /* PBXContainerItemProxy */;
		};
		DA50A28227E3B1BF00DA351A /* PBXTargetDependency */ = {
			isa = PBXTargetDependency;
			target = DA50A27E27E3B1BF00DA351A /* WatchFaces WatchKit Extension */;
			targetProxy = DA50A28127E3B1BF00DA351A /* PBXContainerItemProxy */;
		};
/* End PBXTargetDependency section */

/* Begin XCBuildConfiguration section */
		DA50A29027E3B1BF00DA351A /* Debug */ = {
			isa = XCBuildConfiguration;
			buildSettings = {
				ALWAYS_SEARCH_USER_PATHS = NO;
				CLANG_ANALYZER_NONNULL = YES;
				CLANG_ANALYZER_NUMBER_OBJECT_CONVERSION = YES_AGGRESSIVE;
				CLANG_CXX_LANGUAGE_STANDARD = "gnu++17";
				CLANG_ENABLE_MODULES = YES;
				CLANG_ENABLE_OBJC_ARC = YES;
				CLANG_ENABLE_OBJC_WEAK = YES;
				CLANG_WARN_BLOCK_CAPTURE_AUTORELEASING = YES;
				CLANG_WARN_BOOL_CONVERSION = YES;
				CLANG_WARN_COMMA = YES;
				CLANG_WARN_CONSTANT_CONVERSION = YES;
				CLANG_WARN_DEPRECATED_OBJC_IMPLEMENTATIONS = YES;
				CLANG_WARN_DIRECT_OBJC_ISA_USAGE = YES_ERROR;
				CLANG_WARN_DOCUMENTATION_COMMENTS = YES;
				CLANG_WARN_EMPTY_BODY = YES;
				CLANG_WARN_ENUM_CONVERSION = YES;
				CLANG_WARN_INFINITE_RECURSION = YES;
				CLANG_WARN_INT_CONVERSION = YES;
				CLANG_WARN_NON_LITERAL_NULL_CONVERSION = YES;
				CLANG_WARN_OBJC_IMPLICIT_RETAIN_SELF = YES;
				CLANG_WARN_OBJC_LITERAL_CONVERSION = YES;
				CLANG_WARN_OBJC_ROOT_CLASS = YES_ERROR;
				CLANG_WARN_QUOTED_INCLUDE_IN_FRAMEWORK_HEADER = YES;
				CLANG_WARN_RANGE_LOOP_ANALYSIS = YES;
				CLANG_WARN_STRICT_PROTOTYPES = YES;
				CLANG_WARN_SUSPICIOUS_MOVE = YES;
				CLANG_WARN_UNGUARDED_AVAILABILITY = YES_AGGRESSIVE;
				CLANG_WARN_UNREACHABLE_CODE = YES;
				CLANG_WARN__DUPLICATE_METHOD_MATCH = YES;
				COPY_PHASE_STRIP = NO;
				DEBUG_INFORMATION_FORMAT = dwarf;
				ENABLE_STRICT_OBJC_MSGSEND = YES;
				ENABLE_TESTABILITY = YES;
				GCC_C_LANGUAGE_STANDARD = gnu11;
				GCC_DYNAMIC_NO_PIC = NO;
				GCC_NO_COMMON_BLOCKS = YES;
				GCC_OPTIMIZATION_LEVEL = 0;
				GCC_PREPROCESSOR_DEFINITIONS = (
					"DEBUG=1",
					"$(inherited)",
				);
				GCC_WARN_64_TO_32_BIT_CONVERSION = YES;
				GCC_WARN_ABOUT_RETURN_TYPE = YES_ERROR;
				GCC_WARN_UNDECLARED_SELECTOR = YES;
				GCC_WARN_UNINITIALIZED_AUTOS = YES_AGGRESSIVE;
				GCC_WARN_UNUSED_FUNCTION = YES;
				GCC_WARN_UNUSED_VARIABLE = YES;
				MTL_ENABLE_DEBUG_INFO = INCLUDE_SOURCE;
				MTL_FAST_MATH = YES;
				ONLY_ACTIVE_ARCH = YES;
				SDKROOT = iphoneos;
				SWIFT_ACTIVE_COMPILATION_CONDITIONS = DEBUG;
				SWIFT_OPTIMIZATION_LEVEL = "-Onone";
			};
			name = Debug;
		};
		DA50A29127E3B1BF00DA351A /* Release */ = {
			isa = XCBuildConfiguration;
			buildSettings = {
				ALWAYS_SEARCH_USER_PATHS = NO;
				CLANG_ANALYZER_NONNULL = YES;
				CLANG_ANALYZER_NUMBER_OBJECT_CONVERSION = YES_AGGRESSIVE;
				CLANG_CXX_LANGUAGE_STANDARD = "gnu++17";
				CLANG_ENABLE_MODULES = YES;
				CLANG_ENABLE_OBJC_ARC = YES;
				CLANG_ENABLE_OBJC_WEAK = YES;
				CLANG_WARN_BLOCK_CAPTURE_AUTORELEASING = YES;
				CLANG_WARN_BOOL_CONVERSION = YES;
				CLANG_WARN_COMMA = YES;
				CLANG_WARN_CONSTANT_CONVERSION = YES;
				CLANG_WARN_DEPRECATED_OBJC_IMPLEMENTATIONS = YES;
				CLANG_WARN_DIRECT_OBJC_ISA_USAGE = YES_ERROR;
				CLANG_WARN_DOCUMENTATION_COMMENTS = YES;
				CLANG_WARN_EMPTY_BODY = YES;
				CLANG_WARN_ENUM_CONVERSION = YES;
				CLANG_WARN_INFINITE_RECURSION = YES;
				CLANG_WARN_INT_CONVERSION = YES;
				CLANG_WARN_NON_LITERAL_NULL_CONVERSION = YES;
				CLANG_WARN_OBJC_IMPLICIT_RETAIN_SELF = YES;
				CLANG_WARN_OBJC_LITERAL_CONVERSION = YES;
				CLANG_WARN_OBJC_ROOT_CLASS = YES_ERROR;
				CLANG_WARN_QUOTED_INCLUDE_IN_FRAMEWORK_HEADER = YES;
				CLANG_WARN_RANGE_LOOP_ANALYSIS = YES;
				CLANG_WARN_STRICT_PROTOTYPES = YES;
				CLANG_WARN_SUSPICIOUS_MOVE = YES;
				CLANG_WARN_UNGUARDED_AVAILABILITY = YES_AGGRESSIVE;
				CLANG_WARN_UNREACHABLE_CODE = YES;
				CLANG_WARN__DUPLICATE_METHOD_MATCH = YES;
				COPY_PHASE_STRIP = NO;
				DEBUG_INFORMATION_FORMAT = "dwarf-with-dsym";
				ENABLE_NS_ASSERTIONS = NO;
				ENABLE_STRICT_OBJC_MSGSEND = YES;
				GCC_C_LANGUAGE_STANDARD = gnu11;
				GCC_NO_COMMON_BLOCKS = YES;
				GCC_WARN_64_TO_32_BIT_CONVERSION = YES;
				GCC_WARN_ABOUT_RETURN_TYPE = YES_ERROR;
				GCC_WARN_UNDECLARED_SELECTOR = YES;
				GCC_WARN_UNINITIALIZED_AUTOS = YES_AGGRESSIVE;
				GCC_WARN_UNUSED_FUNCTION = YES;
				GCC_WARN_UNUSED_VARIABLE = YES;
				MTL_ENABLE_DEBUG_INFO = NO;
				MTL_FAST_MATH = YES;
				SDKROOT = iphoneos;
				SWIFT_COMPILATION_MODE = wholemodule;
				SWIFT_OPTIMIZATION_LEVEL = "-O";
				VALIDATE_PRODUCT = YES;
			};
			name = Release;
		};
		DA50A29327E3B1BF00DA351A /* Debug */ = {
			isa = XCBuildConfiguration;
			buildSettings = {
				ASSETCATALOG_COMPILER_COMPLICATION_NAME = Complication;
				CODE_SIGN_ENTITLEMENTS = "WatchFaces WatchKit Extension/WatchFaces WatchKit Extension.entitlements";
				CODE_SIGN_STYLE = Automatic;
				CURRENT_PROJECT_VERSION = 1;
				DEVELOPMENT_ASSET_PATHS = "\"WatchFaces WatchKit Extension/Preview Content\"";
				DEVELOPMENT_TEAM = 85NNGD7X37;
				ENABLE_PREVIEWS = YES;
				GENERATE_INFOPLIST_FILE = YES;
				INFOPLIST_FILE = "WatchFaces WatchKit Extension/Info.plist";
				INFOPLIST_KEY_CFBundleDisplayName = "WatchFaces WatchKit Extension";
				INFOPLIST_KEY_CLKComplicationPrincipalClass = WatchFaces_WatchKit_Extension.ComplicationController;
				INFOPLIST_KEY_NSHealthShareUsageDescription = "We will request to share your health data usage.";
				INFOPLIST_KEY_NSHealthUpdateUsageDescription = "We will request to write your healthd ata for you";
				INFOPLIST_KEY_NSHumanReadableCopyright = "";
				INFOPLIST_KEY_WKWatchOnly = YES;
				LD_RUNPATH_SEARCH_PATHS = (
					"$(inherited)",
					"@executable_path/Frameworks",
					"@executable_path/../../Frameworks",
				);
				MARKETING_VERSION = 1.0;
				PRODUCT_BUNDLE_IDENTIFIER = phlex.WatchFaces.watchkitapp.watchkitextension;
				PRODUCT_NAME = "${TARGET_NAME}";
				SDKROOT = watchos;
				SKIP_INSTALL = YES;
				SWIFT_EMIT_LOC_STRINGS = YES;
				SWIFT_VERSION = 5.0;
				TARGETED_DEVICE_FAMILY = 4;
				WATCHOS_DEPLOYMENT_TARGET = 8.5;
			};
			name = Debug;
		};
		DA50A29427E3B1BF00DA351A /* Release */ = {
			isa = XCBuildConfiguration;
			buildSettings = {
				ASSETCATALOG_COMPILER_COMPLICATION_NAME = Complication;
				CODE_SIGN_ENTITLEMENTS = "WatchFaces WatchKit Extension/WatchFaces WatchKit Extension.entitlements";
				CODE_SIGN_STYLE = Automatic;
				CURRENT_PROJECT_VERSION = 1;
				DEVELOPMENT_ASSET_PATHS = "\"WatchFaces WatchKit Extension/Preview Content\"";
				DEVELOPMENT_TEAM = 85NNGD7X37;
				ENABLE_PREVIEWS = YES;
				GENERATE_INFOPLIST_FILE = YES;
				INFOPLIST_FILE = "WatchFaces WatchKit Extension/Info.plist";
				INFOPLIST_KEY_CFBundleDisplayName = "WatchFaces WatchKit Extension";
				INFOPLIST_KEY_CLKComplicationPrincipalClass = WatchFaces_WatchKit_Extension.ComplicationController;
				INFOPLIST_KEY_NSHealthShareUsageDescription = "We will request to share your health data usage.";
				INFOPLIST_KEY_NSHealthUpdateUsageDescription = "We will request to write your healthd ata for you";
				INFOPLIST_KEY_NSHumanReadableCopyright = "";
				INFOPLIST_KEY_WKWatchOnly = YES;
				LD_RUNPATH_SEARCH_PATHS = (
					"$(inherited)",
					"@executable_path/Frameworks",
					"@executable_path/../../Frameworks",
				);
				MARKETING_VERSION = 1.0;
				PRODUCT_BUNDLE_IDENTIFIER = phlex.WatchFaces.watchkitapp.watchkitextension;
				PRODUCT_NAME = "${TARGET_NAME}";
				SDKROOT = watchos;
				SKIP_INSTALL = YES;
				SWIFT_EMIT_LOC_STRINGS = YES;
				SWIFT_VERSION = 5.0;
				TARGETED_DEVICE_FAMILY = 4;
				WATCHOS_DEPLOYMENT_TARGET = 8.5;
			};
			name = Release;
		};
		DA50A29727E3B1BF00DA351A /* Debug */ = {
			isa = XCBuildConfiguration;
			buildSettings = {
				ALWAYS_EMBED_SWIFT_STANDARD_LIBRARIES = YES;
				ASSETCATALOG_COMPILER_APPICON_NAME = AppIcon;
				ASSETCATALOG_COMPILER_GLOBAL_ACCENT_COLOR_NAME = AccentColor;
				CODE_SIGN_STYLE = Automatic;
				CURRENT_PROJECT_VERSION = 1;
				DEVELOPMENT_TEAM = 85NNGD7X37;
				GENERATE_INFOPLIST_FILE = YES;
				IBSC_MODULE = WatchFaces_WatchKit_Extension;
				INFOPLIST_KEY_CFBundleDisplayName = "WatchFaces WatchKit App";
				INFOPLIST_KEY_UISupportedInterfaceOrientations = "UIInterfaceOrientationPortrait UIInterfaceOrientationPortraitUpsideDown";
				MARKETING_VERSION = 1.0;
				PRODUCT_BUNDLE_IDENTIFIER = phlex.WatchFaces.watchkitapp;
				PRODUCT_NAME = "$(TARGET_NAME)";
				SDKROOT = watchos;
				SKIP_INSTALL = YES;
				SWIFT_EMIT_LOC_STRINGS = YES;
				SWIFT_VERSION = 5.0;
				TARGETED_DEVICE_FAMILY = 4;
				WATCHOS_DEPLOYMENT_TARGET = 8.5;
			};
			name = Debug;
		};
		DA50A29827E3B1BF00DA351A /* Release */ = {
			isa = XCBuildConfiguration;
			buildSettings = {
				ALWAYS_EMBED_SWIFT_STANDARD_LIBRARIES = YES;
				ASSETCATALOG_COMPILER_APPICON_NAME = AppIcon;
				ASSETCATALOG_COMPILER_GLOBAL_ACCENT_COLOR_NAME = AccentColor;
				CODE_SIGN_STYLE = Automatic;
				CURRENT_PROJECT_VERSION = 1;
				DEVELOPMENT_TEAM = 85NNGD7X37;
				GENERATE_INFOPLIST_FILE = YES;
				IBSC_MODULE = WatchFaces_WatchKit_Extension;
				INFOPLIST_KEY_CFBundleDisplayName = "WatchFaces WatchKit App";
				INFOPLIST_KEY_UISupportedInterfaceOrientations = "UIInterfaceOrientationPortrait UIInterfaceOrientationPortraitUpsideDown";
				MARKETING_VERSION = 1.0;
				PRODUCT_BUNDLE_IDENTIFIER = phlex.WatchFaces.watchkitapp;
				PRODUCT_NAME = "$(TARGET_NAME)";
				SDKROOT = watchos;
				SKIP_INSTALL = YES;
				SWIFT_EMIT_LOC_STRINGS = YES;
				SWIFT_VERSION = 5.0;
				TARGETED_DEVICE_FAMILY = 4;
				WATCHOS_DEPLOYMENT_TARGET = 8.5;
			};
			name = Release;
		};
		DA50A29B27E3B1BF00DA351A /* Debug */ = {
			isa = XCBuildConfiguration;
			buildSettings = {
				CODE_SIGN_STYLE = Automatic;
				CURRENT_PROJECT_VERSION = 1;
				DEVELOPMENT_TEAM = 85NNGD7X37;
				MARKETING_VERSION = 1.0;
				PRODUCT_BUNDLE_IDENTIFIER = phlex.WatchFaces;
				PRODUCT_NAME = "$(TARGET_NAME)";
				SWIFT_VERSION = 5.0;
			};
			name = Debug;
		};
		DA50A29C27E3B1BF00DA351A /* Release */ = {
			isa = XCBuildConfiguration;
			buildSettings = {
				CODE_SIGN_STYLE = Automatic;
				CURRENT_PROJECT_VERSION = 1;
				DEVELOPMENT_TEAM = 85NNGD7X37;
				MARKETING_VERSION = 1.0;
				PRODUCT_BUNDLE_IDENTIFIER = phlex.WatchFaces;
				PRODUCT_NAME = "$(TARGET_NAME)";
				SWIFT_VERSION = 5.0;
			};
			name = Release;
		};
/* End XCBuildConfiguration section */

/* Begin XCConfigurationList section */
		DA50A26D27E3B1BE00DA351A /* Build configuration list for PBXProject "WatchFaces" */ = {
			isa = XCConfigurationList;
			buildConfigurations = (
				DA50A29027E3B1BF00DA351A /* Debug */,
				DA50A29127E3B1BF00DA351A /* Release */,
			);
			defaultConfigurationIsVisible = 0;
			defaultConfigurationName = Release;
		};
		DA50A29227E3B1BF00DA351A /* Build configuration list for PBXNativeTarget "WatchFaces WatchKit Extension" */ = {
			isa = XCConfigurationList;
			buildConfigurations = (
				DA50A29327E3B1BF00DA351A /* Debug */,
				DA50A29427E3B1BF00DA351A /* Release */,
			);
			defaultConfigurationIsVisible = 0;
			defaultConfigurationName = Release;
		};
		DA50A29627E3B1BF00DA351A /* Build configuration list for PBXNativeTarget "WatchFaces WatchKit App" */ = {
			isa = XCConfigurationList;
			buildConfigurations = (
				DA50A29727E3B1BF00DA351A /* Debug */,
				DA50A29827E3B1BF00DA351A /* Release */,
			);
			defaultConfigurationIsVisible = 0;
			defaultConfigurationName = Release;
		};
		DA50A29A27E3B1BF00DA351A /* Build configuration list for PBXNativeTarget "WatchFaces" */ = {
			isa = XCConfigurationList;
			buildConfigurations = (
				DA50A29B27E3B1BF00DA351A /* Debug */,
				DA50A29C27E3B1BF00DA351A /* Release */,
			);
			defaultConfigurationIsVisible = 0;
			defaultConfigurationName = Release;
		};
/* End XCConfigurationList section */

/* Begin XCRemoteSwiftPackageReference section */
		DAA6517327E3D31D00B55481 /* XCRemoteSwiftPackageReference "SDWebImageLottieCoder" */ = {
			isa = XCRemoteSwiftPackageReference;
			repositoryURL = "https://github.com/SDWebImage/SDWebImageLottieCoder.git";
			requirement = {
				branch = master;
				kind = branch;
			};
		};
/* End XCRemoteSwiftPackageReference section */

/* Begin XCSwiftPackageProductDependency section */
		DAA6517427E3D31D00B55481 /* SDWebImageLottieCoder */ = {
			isa = XCSwiftPackageProductDependency;
			package = DAA6517327E3D31D00B55481 /* XCRemoteSwiftPackageReference "SDWebImageLottieCoder" */;
			productName = SDWebImageLottieCoder;
		};
		DAA6517727E3D41D00B55481 /* SDWebImageLottieCoder */ = {
			isa = XCSwiftPackageProductDependency;
			package = DAA6517327E3D31D00B55481 /* XCRemoteSwiftPackageReference "SDWebImageLottieCoder" */;
			productName = SDWebImageLottieCoder;
		};
/* End XCSwiftPackageProductDependency section */
	};
	rootObject = DA50A26A27E3B1BE00DA351A /* Project object */;
}
